schema: '2.0'
stages:
  prepare:
    cmd: python src/prepare.py
    deps:
    - path: src/prepare.py
      hash: md5
      md5: 71ce36c9f353e5e1e5b684056331ff1c
      size: 454
    outs:
    - path: data/iris.csv
      hash: md5
      md5: 21d441a28bce4417276097df955afc50
      size: 2928
  train:
    cmd: python src/train.py
    deps:
    - path: data/iris.csv
      hash: md5
      md5: 21d441a28bce4417276097df955afc50
      size: 2928
    - path: src/train.py
      hash: md5
      md5: 7164e8d49a643708f5ac6cd0b73b0de2
      size: 2144
    params:
      params.yaml:
        train.max_depth: 3
        train.n_estimators: 1
    outs:
    - path: metrics.json
      hash: md5
      md5: 987c8a35a630044b24b9ad667403631f
      size: 32
    - path: models/model.pkl
      hash: md5
      md5: 425a8abe122b81ea60c5817918876069
      size: 3013
